
Microsoft Visual Studio Solution File, Format Version 12.00
# Visual Studio Version 17
VisualStudioVersion = 17.4.33122.133
MinimumVisualStudioVersion = 10.0.40219.1
Project("{FAE04EC0-301F-11D3-BF4B-00C04F79EFBC}") = "BasicsCorePrograms", "BasicsCorePrograms\BasicsCorePrograms.csproj", "{A487F9BC-BBB8-4891-8EB1-422C7847E29D}"
EndProject
Global
	GlobalSection(SolutionConfigurationPlatforms) = preSolution
		Debug|Any CPU = Debug|Any CPU
		Release|Any CPU = Release|Any CPU
	EndGlobalSection
	GlobalSection(ProjectConfigurationPlatforms) = postSolution
		{A487F9BC-BBB8-4891-8EB1-422C7847E29D}.Debug|Any CPU.ActiveCfg = Debug|Any CPU
		{A487F9BC-BBB8-4891-8EB1-422C7847E29D}.Debug|Any CPU.Build.0 = Debug|Any CPU
		{A487F9BC-BBB8-4891-8EB1-422C7847E29D}.Release|Any CPU.ActiveCfg = Release|Any CPU
		{A487F9BC-BBB8-4891-8EB1-422C7847E29D}.Release|Any CPU.Build.0 = Release|Any CPU
	EndGlobalSection
	GlobalSection(SolutionProperties) = preSolution
		HideSolutionNode = FALSE
	EndGlobalSection
	GlobalSection(ExtensibilityGlobals) = postSolution
		SolutionGuid = {0EE2ABD6-C19A-4595-80D4-FD7892CD9684}
	EndGlobalSection
EndGlobal
